
Microsoft Visual Studio Solution File, Format Version 12.00
# Visual Studio Version 17
VisualStudioVersion = 17.4.33110.190
MinimumVisualStudioVersion = 10.0.40219.1
Project("{FAE04EC0-301F-11D3-BF4B-00C04F79EFBC}") = "Investiment.Server", "Investiment\Server\Investiment.Server.csproj", "{DD47958F-1C98-4CA7-92C4-11267D064359}"
EndProject
Project("{FAE04EC0-301F-11D3-BF4B-00C04F79EFBC}") = "Investiment.Client", "Investiment\Client\Investiment.Client.csproj", "{501FB5CA-6BDE-4401-938E-5DF415E26AFB}"
EndProject
Project("{FAE04EC0-301F-11D3-BF4B-00C04F79EFBC}") = "Investiment.Shared", "Investiment\Shared\Investiment.Shared.csproj", "{E81C3C17-ADE1-4C96-8B5E-5A09D5DAA490}"
EndProject
Global
	GlobalSection(SolutionConfigurationPlatforms) = preSolution
		Debug|Any CPU = Debug|Any CPU
		Release|Any CPU = Release|Any CPU
	EndGlobalSection
	GlobalSection(ProjectConfigurationPlatforms) = postSolution
		{DD47958F-1C98-4CA7-92C4-11267D064359}.Debug|Any CPU.ActiveCfg = Debug|Any CPU
		{DD47958F-1C98-4CA7-92C4-11267D064359}.Debug|Any CPU.Build.0 = Debug|Any CPU
		{DD47958F-1C98-4CA7-92C4-11267D064359}.Release|Any CPU.ActiveCfg = Release|Any CPU
		{DD47958F-1C98-4CA7-92C4-11267D064359}.Release|Any CPU.Build.0 = Release|Any CPU
		{501FB5CA-6BDE-4401-938E-5DF415E26AFB}.Debug|Any CPU.ActiveCfg = Debug|Any CPU
		{501FB5CA-6BDE-4401-938E-5DF415E26AFB}.Debug|Any CPU.Build.0 = Debug|Any CPU
		{501FB5CA-6BDE-4401-938E-5DF415E26AFB}.Release|Any CPU.ActiveCfg = Release|Any CPU
		{501FB5CA-6BDE-4401-938E-5DF415E26AFB}.Release|Any CPU.Build.0 = Release|Any CPU
		{E81C3C17-ADE1-4C96-8B5E-5A09D5DAA490}.Debug|Any CPU.ActiveCfg = Debug|Any CPU
		{E81C3C17-ADE1-4C96-8B5E-5A09D5DAA490}.Debug|Any CPU.Build.0 = Debug|Any CPU
		{E81C3C17-ADE1-4C96-8B5E-5A09D5DAA490}.Release|Any CPU.ActiveCfg = Release|Any CPU
		{E81C3C17-ADE1-4C96-8B5E-5A09D5DAA490}.Release|Any CPU.Build.0 = Release|Any CPU
	EndGlobalSection
	GlobalSection(SolutionProperties) = preSolution
		HideSolutionNode = FALSE
	EndGlobalSection
	GlobalSection(ExtensibilityGlobals) = postSolution
		SolutionGuid = {06B6DC9A-4DF5-46BB-BF28-B939EF3E41AF}
	EndGlobalSection
EndGlobal
